
Microsoft Visual Studio Solution File, Format Version 12.00
# Visual Studio 14
VisualStudioVersion = 14.0.24720.0
MinimumVisualStudioVersion = 10.0.40219.1
Project("{FAE04EC0-301F-11D3-BF4B-00C04F79EFBC}") = "aivengine", "aivengine\aivengine.csproj", "{9DD0420D-B452-4914-977F-E1F19C1D474A}"
EndProject
Project("{FAE04EC0-301F-11D3-BF4B-00C04F79EFBC}") = "Example", "Example\Example.csproj", "{1CB8EB57-8B3F-40E5-94C2-1B51367AA5E5}"
EndProject
Global
	GlobalSection(SolutionConfigurationPlatforms) = preSolution
		Debug|Any CPU = Debug|Any CPU
		Mono|Any CPU = Mono|Any CPU
		Release|Any CPU = Release|Any CPU
	EndGlobalSection
	GlobalSection(ProjectConfigurationPlatforms) = postSolution
		{9DD0420D-B452-4914-977F-E1F19C1D474A}.Debug|Any CPU.ActiveCfg = Debug|Any CPU
		{9DD0420D-B452-4914-977F-E1F19C1D474A}.Debug|Any CPU.Build.0 = Debug|Any CPU
		{9DD0420D-B452-4914-977F-E1F19C1D474A}.Mono|Any CPU.ActiveCfg = Release|Any CPU
		{9DD0420D-B452-4914-977F-E1F19C1D474A}.Mono|Any CPU.Build.0 = Release|Any CPU
		{9DD0420D-B452-4914-977F-E1F19C1D474A}.Release|Any CPU.ActiveCfg = Release|Any CPU
		{9DD0420D-B452-4914-977F-E1F19C1D474A}.Release|Any CPU.Build.0 = Release|Any CPU
		{1CB8EB57-8B3F-40E5-94C2-1B51367AA5E5}.Debug|Any CPU.ActiveCfg = Debug|Any CPU
		{1CB8EB57-8B3F-40E5-94C2-1B51367AA5E5}.Debug|Any CPU.Build.0 = Debug|Any CPU
		{1CB8EB57-8B3F-40E5-94C2-1B51367AA5E5}.Mono|Any CPU.ActiveCfg = Release|Any CPU
		{1CB8EB57-8B3F-40E5-94C2-1B51367AA5E5}.Mono|Any CPU.Build.0 = Release|Any CPU
		{1CB8EB57-8B3F-40E5-94C2-1B51367AA5E5}.Release|Any CPU.ActiveCfg = Release|Any CPU
		{1CB8EB57-8B3F-40E5-94C2-1B51367AA5E5}.Release|Any CPU.Build.0 = Release|Any CPU
	EndGlobalSection
	GlobalSection(SolutionProperties) = preSolution
		HideSolutionNode = FALSE
	EndGlobalSection
	GlobalSection(MonoDevelopProperties) = preSolution
		Policies = $0
		$0.DotNetNamingPolicy = $1
		$1.DirectoryNamespaceAssociation = None
		$1.ResourceNamePolicy = FileFormatDefault
	EndGlobalSection
EndGlobal
